// !$*UTF8*$!
{
	archiveVersion = 1;
	classes = {
	};
	objectVersion = 50;
	objects = {

/* Begin PBXBuildFile section */
		ED671588256CC35000820497 /* WeatherData.swift in Sources */ = {isa = PBXBuildFile; fileRef = ED671587256CC35000820497 /* WeatherData.swift */; };
		ED67158B2576C66D00820497 /* WeatherModel.swift in Sources */ = {isa = PBXBuildFile; fileRef = ED67158A2576C66D00820497 /* WeatherModel.swift */; };
		EDDB30F8254B46BD0099DEC7 /* AppDelegate.swift in Sources */ = {isa = PBXBuildFile; fileRef = EDDB30F7254B46BD0099DEC7 /* AppDelegate.swift */; };
		EDDB30FA254B46BD0099DEC7 /* SceneDelegate.swift in Sources */ = {isa = PBXBuildFile; fileRef = EDDB30F9254B46BD0099DEC7 /* SceneDelegate.swift */; };
		EDDB30FC254B46BD0099DEC7 /* WeatherViewController.swift in Sources */ = {isa = PBXBuildFile; fileRef = EDDB30FB254B46BD0099DEC7 /* WeatherViewController.swift */; };
		EDDB30FF254B46BD0099DEC7 /* Main.storyboard in Resources */ = {isa = PBXBuildFile; fileRef = EDDB30FD254B46BD0099DEC7 /* Main.storyboard */; };
		EDDB3101254B46C00099DEC7 /* Assets.xcassets in Resources */ = {isa = PBXBuildFile; fileRef = EDDB3100254B46C00099DEC7 /* Assets.xcassets */; };
		EDDB3104254B46C00099DEC7 /* LaunchScreen.storyboard in Resources */ = {isa = PBXBuildFile; fileRef = EDDB3102254B46C00099DEC7 /* LaunchScreen.storyboard */; };
		EDDB3139256B6E340099DEC7 /* WeatherManager.swift in Sources */ = {isa = PBXBuildFile; fileRef = EDDB3138256B6E330099DEC7 /* WeatherManager.swift */; };
/* End PBXBuildFile section */

/* Begin PBXFileReference section */
		ED671587256CC35000820497 /* WeatherData.swift */ = {isa = PBXFileReference; lastKnownFileType = sourcecode.swift; path = WeatherData.swift; sourceTree = "<group>"; };
		ED67158A2576C66D00820497 /* WeatherModel.swift */ = {isa = PBXFileReference; lastKnownFileType = sourcecode.swift; path = WeatherModel.swift; sourceTree = "<group>"; };
		EDDB30F4254B46BD0099DEC7 /* WeatherApp.app */ = {isa = PBXFileReference; explicitFileType = wrapper.application; includeInIndex = 0; path = WeatherApp.app; sourceTree = BUILT_PRODUCTS_DIR; };
		EDDB30F7254B46BD0099DEC7 /* AppDelegate.swift */ = {isa = PBXFileReference; lastKnownFileType = sourcecode.swift; path = AppDelegate.swift; sourceTree = "<group>"; };
		EDDB30F9254B46BD0099DEC7 /* SceneDelegate.swift */ = {isa = PBXFileReference; lastKnownFileType = sourcecode.swift; path = SceneDelegate.swift; sourceTree = "<group>"; };
		EDDB30FB254B46BD0099DEC7 /* WeatherViewController.swift */ = {isa = PBXFileReference; lastKnownFileType = sourcecode.swift; path = WeatherViewController.swift; sourceTree = "<group>"; };
		EDDB30FE254B46BD0099DEC7 /* Base */ = {isa = PBXFileReference; lastKnownFileType = file.storyboard; name = Base; path = Base.lproj/Main.storyboard; sourceTree = "<group>"; };
		EDDB3100254B46C00099DEC7 /* Assets.xcassets */ = {isa = PBXFileReference; lastKnownFileType = folder.assetcatalog; path = Assets.xcassets; sourceTree = "<group>"; };
		EDDB3103254B46C00099DEC7 /* Base */ = {isa = PBXFileReference; lastKnownFileType = file.storyboard; name = Base; path = Base.lproj/LaunchScreen.storyboard; sourceTree = "<group>"; };
		EDDB3105254B46C00099DEC7 /* Info.plist */ = {isa = PBXFileReference; lastKnownFileType = text.plist.xml; path = Info.plist; sourceTree = "<group>"; };
		EDDB3138256B6E330099DEC7 /* WeatherManager.swift */ = {isa = PBXFileReference; lastKnownFileType = sourcecode.swift; path = WeatherManager.swift; sourceTree = "<group>"; };
/* End PBXFileReference section */

/* Begin PBXFrameworksBuildPhase section */
		EDDB30F1254B46BD0099DEC7 /* Frameworks */ = {
			isa = PBXFrameworksBuildPhase;
			buildActionMask = 2147483647;
			files = (
			);
			runOnlyForDeploymentPostprocessing = 0;
		};
/* End PBXFrameworksBuildPhase section */

/* Begin PBXGroup section */
		EDDB30EB254B46BD0099DEC7 = {
			isa = PBXGroup;
			children = (
				EDDB30F6254B46BD0099DEC7 /* WeatherApp */,
				EDDB30F5254B46BD0099DEC7 /* Products */,
			);
			sourceTree = "<group>";
		};
		EDDB30F5254B46BD0099DEC7 /* Products */ = {
			isa = PBXGroup;
			children = (
				EDDB30F4254B46BD0099DEC7 /* WeatherApp.app */,
			);
			name = Products;
			sourceTree = "<group>";
		};
		EDDB30F6254B46BD0099DEC7 /* WeatherApp */ = {
			isa = PBXGroup;
			children = (
				EDDB30F7254B46BD0099DEC7 /* AppDelegate.swift */,
				EDDB30F9254B46BD0099DEC7 /* SceneDelegate.swift */,
				EDDB310C254B46FD0099DEC7 /* Model */,
				EDDB310D254B47070099DEC7 /* View */,
				EDDB310E254B47120099DEC7 /* Controller */,
				EDDB3100254B46C00099DEC7 /* Assets.xcassets */,
				EDDB3102254B46C00099DEC7 /* LaunchScreen.storyboard */,
				EDDB3105254B46C00099DEC7 /* Info.plist */,
			);
			path = WeatherApp;
			sourceTree = "<group>";
		};
		EDDB310C254B46FD0099DEC7 /* Model */ = {
			isa = PBXGroup;
			children = (
				EDDB3138256B6E330099DEC7 /* WeatherManager.swift */,
				ED671587256CC35000820497 /* WeatherData.swift */,
				ED67158A2576C66D00820497 /* WeatherModel.swift */,
			);
			path = Model;
			sourceTree = "<group>";
		};
		EDDB310D254B47070099DEC7 /* View */ = {
			isa = PBXGroup;
			children = (
				EDDB30FD254B46BD0099DEC7 /* Main.storyboard */,
			);
			path = View;
			sourceTree = "<group>";
		};
		EDDB310E254B47120099DEC7 /* Controller */ = {
			isa = PBXGroup;
			children = (
				EDDB30FB254B46BD0099DEC7 /* WeatherViewController.swift */,
			);
			path = Controller;
			sourceTree = "<group>";
		};
/* End PBXGroup section */

/* Begin PBXNativeTarget section */
		EDDB30F3254B46BD0099DEC7 /* WeatherApp */ = {
			isa = PBXNativeTarget;
			buildConfigurationList = EDDB3108254B46C00099DEC7 /* Build configuration list for PBXNativeTarget "WeatherApp" */;
			buildPhases = (
				EDDB30F0254B46BD0099DEC7 /* Sources */,
				EDDB30F1254B46BD0099DEC7 /* Frameworks */,
				EDDB30F2254B46BD0099DEC7 /* Resources */,
			);
			buildRules = (
			);
			dependencies = (
			);
			name = WeatherApp;
			productName = WeatherApp;
			productReference = EDDB30F4254B46BD0099DEC7 /* WeatherApp.app */;
			productType = "com.apple.product-type.application";
		};
/* End PBXNativeTarget section */

/* Begin PBXProject section */
		EDDB30EC254B46BD0099DEC7 /* Project object */ = {
			isa = PBXProject;
			attributes = {
				LastSwiftUpdateCheck = 1200;
				LastUpgradeCheck = 1200;
				TargetAttributes = {
					EDDB30F3254B46BD0099DEC7 = {
						CreatedOnToolsVersion = 12.0.1;
					};
				};
			};
			buildConfigurationList = EDDB30EF254B46BD0099DEC7 /* Build configuration list for PBXProject "WeatherApp" */;
			compatibilityVersion = "Xcode 9.3";
			developmentRegion = en;
			hasScannedForEncodings = 0;
			knownRegions = (
				en,
				Base,
			);
			mainGroup = EDDB30EB254B46BD0099DEC7;
			productRefGroup = EDDB30F5254B46BD0099DEC7 /* Products */;
			projectDirPath = "";
			projectRoot = "";
			targets = (
				EDDB30F3254B46BD0099DEC7 /* WeatherApp */,
			);
		};
/* End PBXProject section */

/* Begin PBXResourcesBuildPhase section */
		EDDB30F2254B46BD0099DEC7 /* Resources */ = {
			isa = PBXResourcesBuildPhase;
			buildActionMask = 2147483647;
			files = (
				EDDB3104254B46C00099DEC7 /* LaunchScreen.storyboard in Resources */,
				EDDB3101254B46C00099DEC7 /* Assets.xcassets in Resources */,
				EDDB30FF254B46BD0099DEC7 /* Main.storyboard in Resources */,
			);
			runOnlyForDeploymentPostprocessing = 0;
		};
/* End PBXResourcesBuildPhase section */

/* Begin PBXSourcesBuildPhase section */
		EDDB30F0254B46BD0099DEC7 /* Sources */ = {
			isa = PBXSourcesBuildPhase;
			buildActionMask = 2147483647;
			files = (
				EDDB30FC254B46BD0099DEC7 /* WeatherViewController.swift in Sources */,
				ED671588256CC35000820497 /* WeatherData.swift in Sources */,
				EDDB30F8254B46BD0099DEC7 /* AppDelegate.swift in Sources */,
				EDDB3139256B6E340099DEC7 /* WeatherManager.swift in Sources */,
				ED67158B2576C66D00820497 /* WeatherModel.swift in Sources */,
				EDDB30FA254B46BD0099DEC7 /* SceneDelegate.swift in Sources */,
			);
			runOnlyForDeploymentPostprocessing = 0;
		};
/* End PBXSourcesBuildPhase section */

/* Begin PBXVariantGroup section */
		EDDB30FD254B46BD0099DEC7 /* Main.storyboard */ = {
			isa = PBXVariantGroup;
			children = (
				EDDB30FE254B46BD0099DEC7 /* Base */,
			);
			name = Main.storyboard;
			sourceTree = "<group>";
		};
		EDDB3102254B46C00099DEC7 /* LaunchScreen.storyboard */ = {
			isa = PBXVariantGroup;
			children = (
				EDDB3103254B46C00099DEC7 /* Base */,
			);
			name = LaunchScreen.storyboard;
			sourceTree = "<group>";
		};
/* End PBXVariantGroup section */

/* Begin XCBuildConfiguration section */
		EDDB3106254B46C00099DEC7 /* Debug */ = {
			isa = XCBuildConfiguration;
			buildSettings = {
				ALWAYS_SEARCH_USER_PATHS = NO;
				CLANG_ANALYZER_NONNULL = YES;
				CLANG_ANALYZER_NUMBER_OBJECT_CONVERSION = YES_AGGRESSIVE;
				CLANG_CXX_LANGUAGE_STANDARD = "gnu++14";
				CLANG_CXX_LIBRARY = "libc++";
				CLANG_ENABLE_MODULES = YES;
				CLANG_ENABLE_OBJC_ARC = YES;
				CLANG_ENABLE_OBJC_WEAK = YES;
				CLANG_WARN_BLOCK_CAPTURE_AUTORELEASING = YES;
				CLANG_WARN_BOOL_CONVERSION = YES;
				CLANG_WARN_COMMA = YES;
				CLANG_WARN_CONSTANT_CONVERSION = YES;
				CLANG_WARN_DEPRECATED_OBJC_IMPLEMENTATIONS = YES;
				CLANG_WARN_DIRECT_OBJC_ISA_USAGE = YES_ERROR;
				CLANG_WARN_DOCUMENTATION_COMMENTS = YES;
				CLANG_WARN_EMPTY_BODY = YES;
				CLANG_WARN_ENUM_CONVERSION = YES;
				CLANG_WARN_INFINITE_RECURSION = YES;
				CLANG_WARN_INT_CONVERSION = YES;
				CLANG_WARN_NON_LITERAL_NULL_CONVERSION = YES;
				CLANG_WARN_OBJC_IMPLICIT_RETAIN_SELF = YES;
				CLANG_WARN_OBJC_LITERAL_CONVERSION = YES;
				CLANG_WARN_OBJC_ROOT_CLASS = YES_ERROR;
				CLANG_WARN_QUOTED_INCLUDE_IN_FRAMEWORK_HEADER = YES;
				CLANG_WARN_RANGE_LOOP_ANALYSIS = YES;
				CLANG_WARN_STRICT_PROTOTYPES = YES;
				CLANG_WARN_SUSPICIOUS_MOVE = YES;
				CLANG_WARN_UNGUARDED_AVAILABILITY = YES_AGGRESSIVE;
				CLANG_WARN_UNREACHABLE_CODE = YES;
				CLANG_WARN__DUPLICATE_METHOD_MATCH = YES;
				COPY_PHASE_STRIP = NO;
				DEBUG_INFORMATION_FORMAT = dwarf;
				ENABLE_STRICT_OBJC_MSGSEND = YES;
				ENABLE_TESTABILITY = YES;
				GCC_C_LANGUAGE_STANDARD = gnu11;
				GCC_DYNAMIC_NO_PIC = NO;
				GCC_NO_COMMON_BLOCKS = YES;
				GCC_OPTIMIZATION_LEVEL = 0;
				GCC_PREPROCESSOR_DEFINITIONS = (
					"DEBUG=1",
					"$(inherited)",
				);
				GCC_WARN_64_TO_32_BIT_CONVERSION = YES;
				GCC_WARN_ABOUT_RETURN_TYPE = YES_ERROR;
				GCC_WARN_UNDECLARED_SELECTOR = YES;
				GCC_WARN_UNINITIALIZED_AUTOS = YES_AGGRESSIVE;
				GCC_WARN_UNUSED_FUNCTION = YES;
				GCC_WARN_UNUSED_VARIABLE = YES;
				IPHONEOS_DEPLOYMENT_TARGET = 14.0;
				MTL_ENABLE_DEBUG_INFO = INCLUDE_SOURCE;
				MTL_FAST_MATH = YES;
				ONLY_ACTIVE_ARCH = YES;
				SDKROOT = iphoneos;
				SWIFT_ACTIVE_COMPILATION_CONDITIONS = DEBUG;
				SWIFT_OPTIMIZATION_LEVEL = "-Onone";
			};
			name = Debug;
		};
		EDDB3107254B46C00099DEC7 /* Release */ = {
			isa = XCBuildConfiguration;
			buildSettings = {
				ALWAYS_SEARCH_USER_PATHS = NO;
				CLANG_ANALYZER_NONNULL = YES;
				CLANG_ANALYZER_NUMBER_OBJECT_CONVERSION = YES_AGGRESSIVE;
				CLANG_CXX_LANGUAGE_STANDARD = "gnu++14";
				CLANG_CXX_LIBRARY = "libc++";
				CLANG_ENABLE_MODULES = YES;
				CLANG_ENABLE_OBJC_ARC = YES;
				CLANG_ENABLE_OBJC_WEAK = YES;
				CLANG_WARN_BLOCK_CAPTURE_AUTORELEASING = YES;
				CLANG_WARN_BOOL_CONVERSION = YES;
				CLANG_WARN_COMMA = YES;
				CLANG_WARN_CONSTANT_CONVERSION = YES;
				CLANG_WARN_DEPRECATED_OBJC_IMPLEMENTATIONS = YES;
				CLANG_WARN_DIRECT_OBJC_ISA_USAGE = YES_ERROR;
				CLANG_WARN_DOCUMENTATION_COMMENTS = YES;
				CLANG_WARN_EMPTY_BODY = YES;
				CLANG_WARN_ENUM_CONVERSION = YES;
				CLANG_WARN_INFINITE_RECURSION = YES;
				CLANG_WARN_INT_CONVERSION = YES;
				CLANG_WARN_NON_LITERAL_NULL_CONVERSION = YES;
				CLANG_WARN_OBJC_IMPLICIT_RETAIN_SELF = YES;
				CLANG_WARN_OBJC_LITERAL_CONVERSION = YES;
				CLANG_WARN_OBJC_ROOT_CLASS = YES_ERROR;
				CLANG_WARN_QUOTED_INCLUDE_IN_FRAMEWORK_HEADER = YES;
				CLANG_WARN_RANGE_LOOP_ANALYSIS = YES;
				CLANG_WARN_STRICT_PROTOTYPES = YES;
				CLANG_WARN_SUSPICIOUS_MOVE = YES;
				CLANG_WARN_UNGUARDED_AVAILABILITY = YES_AGGRESSIVE;
				CLANG_WARN_UNREACHABLE_CODE = YES;
				CLANG_WARN__DUPLICATE_METHOD_MATCH = YES;
				COPY_PHASE_STRIP = NO;
				DEBUG_INFORMATION_FORMAT = "dwarf-with-dsym";
				ENABLE_NS_ASSERTIONS = NO;
				ENABLE_STRICT_OBJC_MSGSEND = YES;
				GCC_C_LANGUAGE_STANDARD = gnu11;
				GCC_NO_COMMON_BLOCKS = YES;
				GCC_WARN_64_TO_32_BIT_CONVERSION = YES;
				GCC_WARN_ABOUT_RETURN_TYPE = YES_ERROR;
				GCC_WARN_UNDECLARED_SELECTOR = YES;
				GCC_WARN_UNINITIALIZED_AUTOS = YES_AGGRESSIVE;
				GCC_WARN_UNUSED_FUNCTION = YES;
				GCC_WARN_UNUSED_VARIABLE = YES;
				IPHONEOS_DEPLOYMENT_TARGET = 14.0;
				MTL_ENABLE_DEBUG_INFO = NO;
				MTL_FAST_MATH = YES;
				SDKROOT = iphoneos;
				SWIFT_COMPILATION_MODE = wholemodule;
				SWIFT_OPTIMIZATION_LEVEL = "-O";
				VALIDATE_PRODUCT = YES;
			};
			name = Release;
		};
		EDDB3109254B46C00099DEC7 /* Debug */ = {
			isa = XCBuildConfiguration;
			buildSettings = {
				ASSETCATALOG_COMPILER_APPICON_NAME = AppIcon;
				ASSETCATALOG_COMPILER_GLOBAL_ACCENT_COLOR_NAME = AccentColor;
				CODE_SIGN_STYLE = Automatic;
				DEVELOPMENT_TEAM = 5DHY98837S;
				INFOPLIST_FILE = WeatherApp/Info.plist;
				LD_RUNPATH_SEARCH_PATHS = (
					"$(inherited)",
					"@executable_path/Frameworks",
				);
				PRODUCT_BUNDLE_IDENTIFIER = com.Manpreet.WeatherApp;
				PRODUCT_NAME = "$(TARGET_NAME)";
				SWIFT_VERSION = 5.0;
				TARGETED_DEVICE_FAMILY = "1,2";
			};
			name = Debug;
		};
		EDDB310A254B46C00099DEC7 /* Release */ = {
			isa = XCBuildConfiguration;
			buildSettings = {
				ASSETCATALOG_COMPILER_APPICON_NAME = AppIcon;
				ASSETCATALOG_COMPILER_GLOBAL_ACCENT_COLOR_NAME = AccentColor;
				CODE_SIGN_STYLE = Automatic;
				DEVELOPMENT_TEAM = 5DHY98837S;
				INFOPLIST_FILE = WeatherApp/Info.plist;
				LD_RUNPATH_SEARCH_PATHS = (
					"$(inherited)",
					"@executable_path/Frameworks",
				);
				PRODUCT_BUNDLE_IDENTIFIER = com.Manpreet.WeatherApp;
				PRODUCT_NAME = "$(TARGET_NAME)";
				SWIFT_VERSION = 5.0;
				TARGETED_DEVICE_FAMILY = "1,2";
			};
			name = Release;
		};
/* End XCBuildConfiguration section */

/* Begin XCConfigurationList section */
		EDDB30EF254B46BD0099DEC7 /* Build configuration list for PBXProject "WeatherApp" */ = {
			isa = XCConfigurationList;
			buildConfigurations = (
				EDDB3106254B46C00099DEC7 /* Debug */,
				EDDB3107254B46C00099DEC7 /* Release */,
			);
			defaultConfigurationIsVisible = 0;
			defaultConfigurationName = Release;
		};
		EDDB3108254B46C00099DEC7 /* Build configuration list for PBXNativeTarget "WeatherApp" */ = {
			isa = XCConfigurationList;
			buildConfigurations = (
				EDDB3109254B46C00099DEC7 /* Debug */,
				EDDB310A254B46C00099DEC7 /* Release */,
			);
			defaultConfigurationIsVisible = 0;
			defaultConfigurationName = Release;
		};
/* End XCConfigurationList section */
	};
	rootObject = EDDB30EC254B46BD0099DEC7 /* Project object */;
}
